
Microsoft Visual Studio Solution File, Format Version 12.00
# Visual Studio Version 17
VisualStudioVersion = 17.1.32421.90
MinimumVisualStudioVersion = 10.0.40219.1
Project("{FAE04EC0-301F-11D3-BF4B-00C04F79EFBC}") = "SyncFusion", "SyncFusion\SyncFusion.csproj", "{A0CDCDEA-7967-4230-98A9-7D6976BC6844}"
EndProject
Global
	GlobalSection(SolutionConfigurationPlatforms) = preSolution
		Debug|Any CPU = Debug|Any CPU
		Release|Any CPU = Release|Any CPU
	EndGlobalSection
	GlobalSection(ProjectConfigurationPlatforms) = postSolution
		{A0CDCDEA-7967-4230-98A9-7D6976BC6844}.Debug|Any CPU.ActiveCfg = Debug|Any CPU
		{A0CDCDEA-7967-4230-98A9-7D6976BC6844}.Debug|Any CPU.Build.0 = Debug|Any CPU
		{A0CDCDEA-7967-4230-98A9-7D6976BC6844}.Release|Any CPU.ActiveCfg = Release|Any CPU
		{A0CDCDEA-7967-4230-98A9-7D6976BC6844}.Release|Any CPU.Build.0 = Release|Any CPU
	EndGlobalSection
	GlobalSection(SolutionProperties) = preSolution
		HideSolutionNode = FALSE
	EndGlobalSection
	GlobalSection(ExtensibilityGlobals) = postSolution
		SolutionGuid = {AF9AE229-7C67-435D-AA09-AEF7EB4399F0}
	EndGlobalSection
EndGlobal
